// !$*UTF8*$!
{
	archiveVersion = 1;
	classes = {
	};
	objectVersion = 51;
	objects = {

/* Begin PBXBuildFile section */
		76982918AC6D415820A5A7FF /* libPods-LQCustomClass.a in Frameworks */ = {isa = PBXBuildFile; fileRef = FF497355E786C0B55647EC88 /* libPods-LQCustomClass.a */; };
		DB0C5A7A2244F19C00413B1C /* AppDelegate.m in Sources */ = {isa = PBXBuildFile; fileRef = DB0C5A792244F19C00413B1C /* AppDelegate.m */; };
		DB0C5A7D2244F19D00413B1C /* ViewController.m in Sources */ = {isa = PBXBuildFile; fileRef = DB0C5A7C2244F19D00413B1C /* ViewController.m */; };
		DB0C5A802244F19D00413B1C /* Main.storyboard in Resources */ = {isa = PBXBuildFile; fileRef = DB0C5A7E2244F19D00413B1C /* Main.storyboard */; };
		DB0C5A822244F19F00413B1C /* Assets.xcassets in Resources */ = {isa = PBXBuildFile; fileRef = DB0C5A812244F19F00413B1C /* Assets.xcassets */; };
		DB0C5A852244F19F00413B1C /* LaunchScreen.storyboard in Resources */ = {isa = PBXBuildFile; fileRef = DB0C5A832244F19F00413B1C /* LaunchScreen.storyboard */; };
		DB0C5A882244F19F00413B1C /* main.m in Sources */ = {isa = PBXBuildFile; fileRef = DB0C5A872244F19F00413B1C /* main.m */; };
		DB0C5A922244F19F00413B1C /* LQCustomClassTests.m in Sources */ = {isa = PBXBuildFile; fileRef = DB0C5A912244F19F00413B1C /* LQCustomClassTests.m */; };
		DB0C5A9D2244F19F00413B1C /* LQCustomClassUITests.m in Sources */ = {isa = PBXBuildFile; fileRef = DB0C5A9C2244F19F00413B1C /* LQCustomClassUITests.m */; };
		DB0C5AB02244F40100413B1C /* UIButton+bgColor.m in Sources */ = {isa = PBXBuildFile; fileRef = DB0C5AAC2244F40100413B1C /* UIButton+bgColor.m */; };
		DB0C5AB12244F40100413B1C /* LQButton.m in Sources */ = {isa = PBXBuildFile; fileRef = DB0C5AAE2244F40100413B1C /* LQButton.m */; };
		DB0C5ABF2244F53000413B1C /* NSString+LQString.m in Sources */ = {isa = PBXBuildFile; fileRef = DB0C5AB42244F53000413B1C /* NSString+LQString.m */; };
		DB0C5AC02244F53000413B1C /* NSDate+LQDate.m in Sources */ = {isa = PBXBuildFile; fileRef = DB0C5AB52244F53000413B1C /* NSDate+LQDate.m */; };
		DB0C5AC12244F53000413B1C /* UIColor+Hex.m in Sources */ = {isa = PBXBuildFile; fileRef = DB0C5AB72244F53000413B1C /* UIColor+Hex.m */; };
		DB0C5AC22244F53000413B1C /* UITableViewCell+LQAnimation.m in Sources */ = {isa = PBXBuildFile; fileRef = DB0C5AB92244F53000413B1C /* UITableViewCell+LQAnimation.m */; };
		DB0C5AC32244F53000413B1C /* NSDateFormatter+LQFormatter.m in Sources */ = {isa = PBXBuildFile; fileRef = DB0C5ABB2244F53000413B1C /* NSDateFormatter+LQFormatter.m */; };
		DB0C5AC42244F53000413B1C /* UIView+LQFrame.m in Sources */ = {isa = PBXBuildFile; fileRef = DB0C5ABE2244F53000413B1C /* UIView+LQFrame.m */; };
		DB0C5ACA2244F5BE00413B1C /* UIButton+ClipLayer.m in Sources */ = {isa = PBXBuildFile; fileRef = DB0C5AC62244F5BE00413B1C /* UIButton+ClipLayer.m */; };
		DB0C5ACB2244F5BE00413B1C /* LoadErrorView.m in Sources */ = {isa = PBXBuildFile; fileRef = DB0C5AC82244F5BE00413B1C /* LoadErrorView.m */; };
		DB0C5ACF2244F63600413B1C /* LQClearCacheTool.m in Sources */ = {isa = PBXBuildFile; fileRef = DB0C5ACD2244F63600413B1C /* LQClearCacheTool.m */; };
		DB0C5AD32244F63F00413B1C /* LQCustomControl.m in Sources */ = {isa = PBXBuildFile; fileRef = DB0C5AD12244F63F00413B1C /* LQCustomControl.m */; };
		DB0C5AD72244F64900413B1C /* LQMD5.m in Sources */ = {isa = PBXBuildFile; fileRef = DB0C5AD62244F64900413B1C /* LQMD5.m */; };
		DB0C5ADF2244F65700413B1C /* AESCipher.m in Sources */ = {isa = PBXBuildFile; fileRef = DB0C5ADA2244F65600413B1C /* AESCipher.m */; };
		DB0C5AE02244F65700413B1C /* RBRSA.m in Sources */ = {isa = PBXBuildFile; fileRef = DB0C5ADB2244F65600413B1C /* RBRSA.m */; };
		DB0C5AE72244F69B00413B1C /* WSLScanView.m in Sources */ = {isa = PBXBuildFile; fileRef = DB0C5AE42244F69B00413B1C /* WSLScanView.m */; };
		DB0C5AE82244F69B00413B1C /* WSLNativeScanTool.m in Sources */ = {isa = PBXBuildFile; fileRef = DB0C5AE62244F69B00413B1C /* WSLNativeScanTool.m */; };
		DB0C5AEC2244F6DD00413B1C /* UIImage+XSQAlpha.m in Sources */ = {isa = PBXBuildFile; fileRef = DB0C5AEB2244F6DD00413B1C /* UIImage+XSQAlpha.m */; };
		DB0C5AF02244F6EF00413B1C /* ILNaviagtionController.m in Sources */ = {isa = PBXBuildFile; fileRef = DB0C5AEF2244F6EF00413B1C /* ILNaviagtionController.m */; };
		DB0C5AF62244F70000413B1C /* UIView+MBProgressHUD.m in Sources */ = {isa = PBXBuildFile; fileRef = DB0C5AF42244F70000413B1C /* UIView+MBProgressHUD.m */; };
		DB0C5AF72244F70000413B1C /* MBProgressHUD+NH.m in Sources */ = {isa = PBXBuildFile; fileRef = DB0C5AF52244F70000413B1C /* MBProgressHUD+NH.m */; };
		DB0C5AFB2244F71D00413B1C /* LQAleartView.m in Sources */ = {isa = PBXBuildFile; fileRef = DB0C5AF92244F71D00413B1C /* LQAleartView.m */; };
		DB0C5AFF2244F72600413B1C /* TSCustomActionSheetView.m in Sources */ = {isa = PBXBuildFile; fileRef = DB0C5AFE2244F72600413B1C /* TSCustomActionSheetView.m */; };
		DB0C5B032244F73A00413B1C /* TSHeadSearchView.m in Sources */ = {isa = PBXBuildFile; fileRef = DB0C5B012244F73900413B1C /* TSHeadSearchView.m */; };
		DB0C5B0B2244F74300413B1C /* MJRefreshCustomGifHeader.m in Sources */ = {isa = PBXBuildFile; fileRef = DB0C5B052244F74300413B1C /* MJRefreshCustomGifHeader.m */; };
		DB0C5B0C2244F74300413B1C /* MJRefreshCustomFooter.m in Sources */ = {isa = PBXBuildFile; fileRef = DB0C5B062244F74300413B1C /* MJRefreshCustomFooter.m */; };
		DB0C5B0D2244F74300413B1C /* MJRefreshCustomHeader.m in Sources */ = {isa = PBXBuildFile; fileRef = DB0C5B072244F74300413B1C /* MJRefreshCustomHeader.m */; };
		DB0C5B102244F7ED00413B1C /* LQBaseViewController.m in Sources */ = {isa = PBXBuildFile; fileRef = DB0C5B0F2244F7ED00413B1C /* LQBaseViewController.m */; };
		DB0C5B142244F8A900413B1C /* LLToast.m in Sources */ = {isa = PBXBuildFile; fileRef = DB0C5B122244F8A900413B1C /* LLToast.m */; };
		DB17D1FD229248A400E5F6BC /* LQGraphCodeViewController.m in Sources */ = {isa = PBXBuildFile; fileRef = DB17D1FC229248A400E5F6BC /* LQGraphCodeViewController.m */; };
		DB17D20022924B5000E5F6BC /* LQTextAndImgViewController.m in Sources */ = {isa = PBXBuildFile; fileRef = DB17D1FF22924B5000E5F6BC /* LQTextAndImgViewController.m */; };
		DB17D20422924FC800E5F6BC /* LQSkuViewController.m in Sources */ = {isa = PBXBuildFile; fileRef = DB17D20322924FC800E5F6BC /* LQSkuViewController.m */; };
		DB17D20722924FF900E5F6BC /* LQSkuView.m in Sources */ = {isa = PBXBuildFile; fileRef = DB17D20622924FF900E5F6BC /* LQSkuView.m */; };
		DB17D21022925CE100E5F6BC /* LQStandardCollectionViewCell.m in Sources */ = {isa = PBXBuildFile; fileRef = DB17D20F22925CE100E5F6BC /* LQStandardCollectionViewCell.m */; };
		DB17D213229284E100E5F6BC /* LQStandardCollectionReusableView.m in Sources */ = {isa = PBXBuildFile; fileRef = DB17D212229284E100E5F6BC /* LQStandardCollectionReusableView.m */; };
		DB17D21622928B2000E5F6BC /* UICollectionViewLeftAlignedLayout.m in Sources */ = {isa = PBXBuildFile; fileRef = DB17D21522928B2000E5F6BC /* UICollectionViewLeftAlignedLayout.m */; };
		DB17D21922928BAE00E5F6BC /* LQStandardModel.m in Sources */ = {isa = PBXBuildFile; fileRef = DB17D21822928BAE00E5F6BC /* LQStandardModel.m */; };
		DB185BB422C4C3A300363A02 /* LQYYTextTestViewController.m in Sources */ = {isa = PBXBuildFile; fileRef = DB185BB322C4C3A300363A02 /* LQYYTextTestViewController.m */; };
		DB2F4C222307B19800D9363F /* NSDate+LQCalender.m in Sources */ = {isa = PBXBuildFile; fileRef = DB2F4C212307B19800D9363F /* NSDate+LQCalender.m */; };
		DB2F4C252307D35D00D9363F /* NSString+LQCalender.m in Sources */ = {isa = PBXBuildFile; fileRef = DB2F4C242307D35D00D9363F /* NSString+LQCalender.m */; };
		DB2F4C282307D45B00D9363F /* LQCalenderDayModel.m in Sources */ = {isa = PBXBuildFile; fileRef = DB2F4C272307D45B00D9363F /* LQCalenderDayModel.m */; };
		DB2F4C2B2307D48C00D9363F /* LQCalenderMonthModel.m in Sources */ = {isa = PBXBuildFile; fileRef = DB2F4C2A2307D48C00D9363F /* LQCalenderMonthModel.m */; };
		DB2F4C2E2307D53700D9363F /* LQCalenderHeadView.m in Sources */ = {isa = PBXBuildFile; fileRef = DB2F4C2D2307D53700D9363F /* LQCalenderHeadView.m */; };
		DB2F4C312307D54B00D9363F /* LQCalenderWeekView.m in Sources */ = {isa = PBXBuildFile; fileRef = DB2F4C302307D54B00D9363F /* LQCalenderWeekView.m */; };
		DB2F4C342307D96A00D9363F /* LQCalenderView.m in Sources */ = {isa = PBXBuildFile; fileRef = DB2F4C332307D96A00D9363F /* LQCalenderView.m */; };
		DB2F4C372307D9AE00D9363F /* LQCalenderCollectionViewCell.m in Sources */ = {isa = PBXBuildFile; fileRef = DB2F4C362307D9AE00D9363F /* LQCalenderCollectionViewCell.m */; };
		DB2F4C3A2307E0DC00D9363F /* LQCalendarViewController.m in Sources */ = {isa = PBXBuildFile; fileRef = DB2F4C392307E0DC00D9363F /* LQCalendarViewController.m */; };
		DB8F73D022F33AC900AD65D9 /* LQTestTableViewCell.m in Sources */ = {isa = PBXBuildFile; fileRef = DB8F73CE22F33AC900AD65D9 /* LQTestTableViewCell.m */; };
		DB8F73D122F33AC900AD65D9 /* LQTestTableViewCell.xib in Resources */ = {isa = PBXBuildFile; fileRef = DB8F73CF22F33AC900AD65D9 /* LQTestTableViewCell.xib */; };
		DBA5618A22477089003EE8CD /* LQGraphCodeView.m in Sources */ = {isa = PBXBuildFile; fileRef = DBA5618822477089003EE8CD /* LQGraphCodeView.m */; };
		DBBE4A10224C7CB400D5B398 /* UIButton+Location.m in Sources */ = {isa = PBXBuildFile; fileRef = DBBE4A0F224C7CB400D5B398 /* UIButton+Location.m */; };
		DBD7289F2293AFED0075B2E2 /* proJson.txt in Resources */ = {isa = PBXBuildFile; fileRef = DBD7289E2293AFED0075B2E2 /* proJson.txt */; };
		DBD728A1229404A50075B2E2 /* head.jpg in Resources */ = {isa = PBXBuildFile; fileRef = DBD728A0229404A50075B2E2 /* head.jpg */; };
/* End PBXBuildFile section */

/* Begin PBXContainerItemProxy section */
		DB0C5A8E2244F19F00413B1C /* PBXContainerItemProxy */ = {
			isa = PBXContainerItemProxy;
			containerPortal = DB0C5A6D2244F19C00413B1C /* Project object */;
			proxyType = 1;
			remoteGlobalIDString = DB0C5A742244F19C00413B1C;
			remoteInfo = LQCustomClass;
		};
		DB0C5A992244F19F00413B1C /* PBXContainerItemProxy */ = {
			isa = PBXContainerItemProxy;
			containerPortal = DB0C5A6D2244F19C00413B1C /* Project object */;
			proxyType = 1;
			remoteGlobalIDString = DB0C5A742244F19C00413B1C;
			remoteInfo = LQCustomClass;
		};
/* End PBXContainerItemProxy section */

/* Begin PBXFileReference section */
		83B65F464ED1ECF3A6A221A0 /* Pods-LQCustomClass.debug.xcconfig */ = {isa = PBXFileReference; includeInIndex = 1; lastKnownFileType = text.xcconfig; name = "Pods-LQCustomClass.debug.xcconfig"; path = "Pods/Target Support Files/Pods-LQCustomClass/Pods-LQCustomClass.debug.xcconfig"; sourceTree = "<group>"; };
		B26DAA47AAB59923447FAA19 /* Pods-LQCustomClass.release.xcconfig */ = {isa = PBXFileReference; includeInIndex = 1; lastKnownFileType = text.xcconfig; name = "Pods-LQCustomClass.release.xcconfig"; path = "Pods/Target Support Files/Pods-LQCustomClass/Pods-LQCustomClass.release.xcconfig"; sourceTree = "<group>"; };
		DB0C5A752244F19C00413B1C /* LQCustomClass.app */ = {isa = PBXFileReference; explicitFileType = wrapper.application; includeInIndex = 0; path = LQCustomClass.app; sourceTree = BUILT_PRODUCTS_DIR; };
		DB0C5A782244F19C00413B1C /* AppDelegate.h */ = {isa = PBXFileReference; lastKnownFileType = sourcecode.c.h; path = AppDelegate.h; sourceTree = "<group>"; };
		DB0C5A792244F19C00413B1C /* AppDelegate.m */ = {isa = PBXFileReference; lastKnownFileType = sourcecode.c.objc; path = AppDelegate.m; sourceTree = "<group>"; };
		DB0C5A7B2244F19C00413B1C /* ViewController.h */ = {isa = PBXFileReference; lastKnownFileType = sourcecode.c.h; path = ViewController.h; sourceTree = "<group>"; };
		DB0C5A7C2244F19D00413B1C /* ViewController.m */ = {isa = PBXFileReference; lastKnownFileType = sourcecode.c.objc; path = ViewController.m; sourceTree = "<group>"; };
		DB0C5A7F2244F19D00413B1C /* Base */ = {isa = PBXFileReference; lastKnownFileType = file.storyboard; name = Base; path = Base.lproj/Main.storyboard; sourceTree = "<group>"; };
		DB0C5A812244F19F00413B1C /* Assets.xcassets */ = {isa = PBXFileReference; lastKnownFileType = folder.assetcatalog; path = Assets.xcassets; sourceTree = "<group>"; };
		DB0C5A842244F19F00413B1C /* Base */ = {isa = PBXFileReference; lastKnownFileType = file.storyboard; name = Base; path = Base.lproj/LaunchScreen.storyboard; sourceTree = "<group>"; };
		DB0C5A862244F19F00413B1C /* Info.plist */ = {isa = PBXFileReference; lastKnownFileType = text.plist.xml; path = Info.plist; sourceTree = "<group>"; };
		DB0C5A872244F19F00413B1C /* main.m */ = {isa = PBXFileReference; lastKnownFileType = sourcecode.c.objc; path = main.m; sourceTree = "<group>"; };
		DB0C5A8D2244F19F00413B1C /* LQCustomClassTests.xctest */ = {isa = PBXFileReference; explicitFileType = wrapper.cfbundle; includeInIndex = 0; path = LQCustomClassTests.xctest; sourceTree = BUILT_PRODUCTS_DIR; };
		DB0C5A912244F19F00413B1C /* LQCustomClassTests.m */ = {isa = PBXFileReference; lastKnownFileType = sourcecode.c.objc; path = LQCustomClassTests.m; sourceTree = "<group>"; };
		DB0C5A932244F19F00413B1C /* Info.plist */ = {isa = PBXFileReference; lastKnownFileType = text.plist.xml; path = Info.plist; sourceTree = "<group>"; };
		DB0C5A982244F19F00413B1C /* LQCustomClassUITests.xctest */ = {isa = PBXFileReference; explicitFileType = wrapper.cfbundle; includeInIndex = 0; path = LQCustomClassUITests.xctest; sourceTree = BUILT_PRODUCTS_DIR; };
		DB0C5A9C2244F19F00413B1C /* LQCustomClassUITests.m */ = {isa = PBXFileReference; lastKnownFileType = sourcecode.c.objc; path = LQCustomClassUITests.m; sourceTree = "<group>"; };
		DB0C5A9E2244F19F00413B1C /* Info.plist */ = {isa = PBXFileReference; lastKnownFileType = text.plist.xml; path = Info.plist; sourceTree = "<group>"; };
		DB0C5AAA2244F1B600413B1C /* PrefixHeader.pch */ = {isa = PBXFileReference; lastKnownFileType = sourcecode.c.h; path = PrefixHeader.pch; sourceTree = "<group>"; };
		DB0C5AAC2244F40100413B1C /* UIButton+bgColor.m */ = {isa = PBXFileReference; fileEncoding = 4; lastKnownFileType = sourcecode.c.objc; path = "UIButton+bgColor.m"; sourceTree = "<group>"; };
		DB0C5AAD2244F40100413B1C /* UIButton+bgColor.h */ = {isa = PBXFileReference; fileEncoding = 4; lastKnownFileType = sourcecode.c.h; path = "UIButton+bgColor.h"; sourceTree = "<group>"; };
		DB0C5AAE2244F40100413B1C /* LQButton.m */ = {isa = PBXFileReference; fileEncoding = 4; lastKnownFileType = sourcecode.c.objc; path = LQButton.m; sourceTree = "<group>"; };
		DB0C5AAF2244F40100413B1C /* LQButton.h */ = {isa = PBXFileReference; fileEncoding = 4; lastKnownFileType = sourcecode.c.h; path = LQButton.h; sourceTree = "<group>"; };
		DB0C5AB32244F53000413B1C /* UITableViewCell+LQAnimation.h */ = {isa = PBXFileReference; fileEncoding = 4; lastKnownFileType = sourcecode.c.h; path = "UITableViewCell+LQAnimation.h"; sourceTree = "<group>"; };
		DB0C5AB42244F53000413B1C /* NSString+LQString.m */ = {isa = PBXFileReference; fileEncoding = 4; lastKnownFileType = sourcecode.c.objc; path = "NSString+LQString.m"; sourceTree = "<group>"; };
		DB0C5AB52244F53000413B1C /* NSDate+LQDate.m */ = {isa = PBXFileReference; fileEncoding = 4; lastKnownFileType = sourcecode.c.objc; path = "NSDate+LQDate.m"; sourceTree = "<group>"; };
		DB0C5AB62244F53000413B1C /* NSDateFormatter+LQFormatter.h */ = {isa = PBXFileReference; fileEncoding = 4; lastKnownFileType = sourcecode.c.h; path = "NSDateFormatter+LQFormatter.h"; sourceTree = "<group>"; };
		DB0C5AB72244F53000413B1C /* UIColor+Hex.m */ = {isa = PBXFileReference; fileEncoding = 4; lastKnownFileType = sourcecode.c.objc; path = "UIColor+Hex.m"; sourceTree = "<group>"; };
		DB0C5AB82244F53000413B1C /* UIView+LQFrame.h */ = {isa = PBXFileReference; fileEncoding = 4; lastKnownFileType = sourcecode.c.h; path = "UIView+LQFrame.h"; sourceTree = "<group>"; };
		DB0C5AB92244F53000413B1C /* UITableViewCell+LQAnimation.m */ = {isa = PBXFileReference; fileEncoding = 4; lastKnownFileType = sourcecode.c.objc; path = "UITableViewCell+LQAnimation.m"; sourceTree = "<group>"; };
		DB0C5ABA2244F53000413B1C /* UIColor+Hex.h */ = {isa = PBXFileReference; fileEncoding = 4; lastKnownFileType = sourcecode.c.h; path = "UIColor+Hex.h"; sourceTree = "<group>"; };
		DB0C5ABB2244F53000413B1C /* NSDateFormatter+LQFormatter.m */ = {isa = PBXFileReference; fileEncoding = 4; lastKnownFileType = sourcecode.c.objc; path = "NSDateFormatter+LQFormatter.m"; sourceTree = "<group>"; };
		DB0C5ABC2244F53000413B1C /* NSDate+LQDate.h */ = {isa = PBXFileReference; fileEncoding = 4; lastKnownFileType = sourcecode.c.h; path = "NSDate+LQDate.h"; sourceTree = "<group>"; };
		DB0C5ABD2244F53000413B1C /* NSString+LQString.h */ = {isa = PBXFileReference; fileEncoding = 4; lastKnownFileType = sourcecode.c.h; path = "NSString+LQString.h"; sourceTree = "<group>"; };
		DB0C5ABE2244F53000413B1C /* UIView+LQFrame.m */ = {isa = PBXFileReference; fileEncoding = 4; lastKnownFileType = sourcecode.c.objc; path = "UIView+LQFrame.m"; sourceTree = "<group>"; };
		DB0C5AC62244F5BE00413B1C /* UIButton+ClipLayer.m */ = {isa = PBXFileReference; fileEncoding = 4; lastKnownFileType = sourcecode.c.objc; path = "UIButton+ClipLayer.m"; sourceTree = "<group>"; };
		DB0C5AC72244F5BE00413B1C /* LoadErrorView.h */ = {isa = PBXFileReference; fileEncoding = 4; lastKnownFileType = sourcecode.c.h; path = LoadErrorView.h; sourceTree = "<group>"; };
		DB0C5AC82244F5BE00413B1C /* LoadErrorView.m */ = {isa = PBXFileReference; fileEncoding = 4; lastKnownFileType = sourcecode.c.objc; path = LoadErrorView.m; sourceTree = "<group>"; };
		DB0C5AC92244F5BE00413B1C /* UIButton+ClipLayer.h */ = {isa = PBXFileReference; fileEncoding = 4; lastKnownFileType = sourcecode.c.h; path = "UIButton+ClipLayer.h"; sourceTree = "<group>"; };
		DB0C5ACD2244F63600413B1C /* LQClearCacheTool.m */ = {isa = PBXFileReference; fileEncoding = 4; lastKnownFileType = sourcecode.c.objc; path = LQClearCacheTool.m; sourceTree = "<group>"; };
		DB0C5ACE2244F63600413B1C /* LQClearCacheTool.h */ = {isa = PBXFileReference; fileEncoding = 4; lastKnownFileType = sourcecode.c.h; path = LQClearCacheTool.h; sourceTree = "<group>"; };
		DB0C5AD12244F63F00413B1C /* LQCustomControl.m */ = {isa = PBXFileReference; fileEncoding = 4; lastKnownFileType = sourcecode.c.objc; path = LQCustomControl.m; sourceTree = "<group>"; };
		DB0C5AD22244F63F00413B1C /* LQCustomControl.h */ = {isa = PBXFileReference; fileEncoding = 4; lastKnownFileType = sourcecode.c.h; path = LQCustomControl.h; sourceTree = "<group>"; };
		DB0C5AD52244F64900413B1C /* LQMD5.h */ = {isa = PBXFileReference; fileEncoding = 4; lastKnownFileType = sourcecode.c.h; path = LQMD5.h; sourceTree = "<group>"; };
		DB0C5AD62244F64900413B1C /* LQMD5.m */ = {isa = PBXFileReference; fileEncoding = 4; lastKnownFileType = sourcecode.c.objc; path = LQMD5.m; sourceTree = "<group>"; };
		DB0C5ADA2244F65600413B1C /* AESCipher.m */ = {isa = PBXFileReference; fileEncoding = 4; lastKnownFileType = sourcecode.c.objc; path = AESCipher.m; sourceTree = "<group>"; };
		DB0C5ADB2244F65600413B1C /* RBRSA.m */ = {isa = PBXFileReference; fileEncoding = 4; lastKnownFileType = sourcecode.c.objc; path = RBRSA.m; sourceTree = "<group>"; };
		DB0C5ADD2244F65600413B1C /* RBRSA.h */ = {isa = PBXFileReference; fileEncoding = 4; lastKnownFileType = sourcecode.c.h; path = RBRSA.h; sourceTree = "<group>"; };
		DB0C5ADE2244F65600413B1C /* AESCipher.h */ = {isa = PBXFileReference; fileEncoding = 4; lastKnownFileType = sourcecode.c.h; path = AESCipher.h; sourceTree = "<group>"; };
		DB0C5AE32244F69B00413B1C /* WSLNativeScanTool.h */ = {isa = PBXFileReference; fileEncoding = 4; lastKnownFileType = sourcecode.c.h; path = WSLNativeScanTool.h; sourceTree = "<group>"; };
		DB0C5AE42244F69B00413B1C /* WSLScanView.m */ = {isa = PBXFileReference; fileEncoding = 4; lastKnownFileType = sourcecode.c.objc; path = WSLScanView.m; sourceTree = "<group>"; };
		DB0C5AE52244F69B00413B1C /* WSLScanView.h */ = {isa = PBXFileReference; fileEncoding = 4; lastKnownFileType = sourcecode.c.h; path = WSLScanView.h; sourceTree = "<group>"; };
		DB0C5AE62244F69B00413B1C /* WSLNativeScanTool.m */ = {isa = PBXFileReference; fileEncoding = 4; lastKnownFileType = sourcecode.c.objc; path = WSLNativeScanTool.m; sourceTree = "<group>"; };
		DB0C5AEA2244F6DD00413B1C /* UIImage+XSQAlpha.h */ = {isa = PBXFileReference; fileEncoding = 4; lastKnownFileType = sourcecode.c.h; path = "UIImage+XSQAlpha.h"; sourceTree = "<group>"; };
		DB0C5AEB2244F6DD00413B1C /* UIImage+XSQAlpha.m */ = {isa = PBXFileReference; fileEncoding = 4; lastKnownFileType = sourcecode.c.objc; path = "UIImage+XSQAlpha.m"; sourceTree = "<group>"; };
		DB0C5AEE2244F6EF00413B1C /* ILNaviagtionController.h */ = {isa = PBXFileReference; fileEncoding = 4; lastKnownFileType = sourcecode.c.h; path = ILNaviagtionController.h; sourceTree = "<group>"; };
		DB0C5AEF2244F6EF00413B1C /* ILNaviagtionController.m */ = {isa = PBXFileReference; fileEncoding = 4; lastKnownFileType = sourcecode.c.objc; path = ILNaviagtionController.m; sourceTree = "<group>"; };
		DB0C5AF22244F70000413B1C /* MBProgressHUD+NH.h */ = {isa = PBXFileReference; fileEncoding = 4; lastKnownFileType = sourcecode.c.h; path = "MBProgressHUD+NH.h"; sourceTree = "<group>"; };
		DB0C5AF32244F70000413B1C /* UIView+MBProgressHUD.h */ = {isa = PBXFileReference; fileEncoding = 4; lastKnownFileType = sourcecode.c.h; path = "UIView+MBProgressHUD.h"; sourceTree = "<group>"; };
		DB0C5AF42244F70000413B1C /* UIView+MBProgressHUD.m */ = {isa = PBXFileReference; fileEncoding = 4; lastKnownFileType = sourcecode.c.objc; path = "UIView+MBProgressHUD.m"; sourceTree = "<group>"; };
		DB0C5AF52244F70000413B1C /* MBProgressHUD+NH.m */ = {isa = PBXFileReference; fileEncoding = 4; lastKnownFileType = sourcecode.c.objc; path = "MBProgressHUD+NH.m"; sourceTree = "<group>"; };
		DB0C5AF92244F71D00413B1C /* LQAleartView.m */ = {isa = PBXFileReference; fileEncoding = 4; lastKnownFileType = sourcecode.c.objc; path = LQAleartView.m; sourceTree = "<group>"; };
		DB0C5AFA2244F71D00413B1C /* LQAleartView.h */ = {isa = PBXFileReference; fileEncoding = 4; lastKnownFileType = sourcecode.c.h; path = LQAleartView.h; sourceTree = "<group>"; };
		DB0C5AFD2244F72600413B1C /* TSCustomActionSheetView.h */ = {isa = PBXFileReference; fileEncoding = 4; lastKnownFileType = sourcecode.c.h; path = TSCustomActionSheetView.h; sourceTree = "<group>"; };
		DB0C5AFE2244F72600413B1C /* TSCustomActionSheetView.m */ = {isa = PBXFileReference; fileEncoding = 4; lastKnownFileType = sourcecode.c.objc; path = TSCustomActionSheetView.m; sourceTree = "<group>"; };
		DB0C5B012244F73900413B1C /* TSHeadSearchView.m */ = {isa = PBXFileReference; fileEncoding = 4; lastKnownFileType = sourcecode.c.objc; path = TSHeadSearchView.m; sourceTree = "<group>"; };
		DB0C5B022244F73900413B1C /* TSHeadSearchView.h */ = {isa = PBXFileReference; fileEncoding = 4; lastKnownFileType = sourcecode.c.h; path = TSHeadSearchView.h; sourceTree = "<group>"; };
		DB0C5B052244F74300413B1C /* MJRefreshCustomGifHeader.m */ = {isa = PBXFileReference; fileEncoding = 4; lastKnownFileType = sourcecode.c.objc; path = MJRefreshCustomGifHeader.m; sourceTree = "<group>"; };
		DB0C5B062244F74300413B1C /* MJRefreshCustomFooter.m */ = {isa = PBXFileReference; fileEncoding = 4; lastKnownFileType = sourcecode.c.objc; path = MJRefreshCustomFooter.m; sourceTree = "<group>"; };
		DB0C5B072244F74300413B1C /* MJRefreshCustomHeader.m */ = {isa = PBXFileReference; fileEncoding = 4; lastKnownFileType = sourcecode.c.objc; path = MJRefreshCustomHeader.m; sourceTree = "<group>"; };
		DB0C5B082244F74300413B1C /* MJRefreshCustomGifHeader.h */ = {isa = PBXFileReference; fileEncoding = 4; lastKnownFileType = sourcecode.c.h; path = MJRefreshCustomGifHeader.h; sourceTree = "<group>"; };
		DB0C5B092244F74300413B1C /* MJRefreshCustomHeader.h */ = {isa = PBXFileReference; fileEncoding = 4; lastKnownFileType = sourcecode.c.h; path = MJRefreshCustomHeader.h; sourceTree = "<group>"; };
		DB0C5B0A2244F74300413B1C /* MJRefreshCustomFooter.h */ = {isa = PBXFileReference; fileEncoding = 4; lastKnownFileType = sourcecode.c.h; path = MJRefreshCustomFooter.h; sourceTree = "<group>"; };
		DB0C5B0E2244F7ED00413B1C /* LQBaseViewController.h */ = {isa = PBXFileReference; lastKnownFileType = sourcecode.c.h; path = LQBaseViewController.h; sourceTree = "<group>"; };
		DB0C5B0F2244F7ED00413B1C /* LQBaseViewController.m */ = {isa = PBXFileReference; lastKnownFileType = sourcecode.c.objc; path = LQBaseViewController.m; sourceTree = "<group>"; };
		DB0C5B122244F8A900413B1C /* LLToast.m */ = {isa = PBXFileReference; fileEncoding = 4; lastKnownFileType = sourcecode.c.objc; path = LLToast.m; sourceTree = "<group>"; };
		DB0C5B132244F8A900413B1C /* LLToast.h */ = {isa = PBXFileReference; fileEncoding = 4; lastKnownFileType = sourcecode.c.h; path = LLToast.h; sourceTree = "<group>"; };
		DB17D1FB229248A400E5F6BC /* LQGraphCodeViewController.h */ = {isa = PBXFileReference; lastKnownFileType = sourcecode.c.h; path = LQGraphCodeViewController.h; sourceTree = "<group>"; };
		DB17D1FC229248A400E5F6BC /* LQGraphCodeViewController.m */ = {isa = PBXFileReference; lastKnownFileType = sourcecode.c.objc; path = LQGraphCodeViewController.m; sourceTree = "<group>"; };
		DB17D1FE22924B5000E5F6BC /* LQTextAndImgViewController.h */ = {isa = PBXFileReference; lastKnownFileType = sourcecode.c.h; path = LQTextAndImgViewController.h; sourceTree = "<group>"; };
		DB17D1FF22924B5000E5F6BC /* LQTextAndImgViewController.m */ = {isa = PBXFileReference; lastKnownFileType = sourcecode.c.objc; path = LQTextAndImgViewController.m; sourceTree = "<group>"; };
		DB17D20222924FC800E5F6BC /* LQSkuViewController.h */ = {isa = PBXFileReference; lastKnownFileType = sourcecode.c.h; path = LQSkuViewController.h; sourceTree = "<group>"; };
		DB17D20322924FC800E5F6BC /* LQSkuViewController.m */ = {isa = PBXFileReference; lastKnownFileType = sourcecode.c.objc; path = LQSkuViewController.m; sourceTree = "<group>"; };
		DB17D20522924FF900E5F6BC /* LQSkuView.h */ = {isa = PBXFileReference; lastKnownFileType = sourcecode.c.h; path = LQSkuView.h; sourceTree = "<group>"; };
		DB17D20622924FF900E5F6BC /* LQSkuView.m */ = {isa = PBXFileReference; lastKnownFileType = sourcecode.c.objc; path = LQSkuView.m; sourceTree = "<group>"; };
		DB17D20E22925CE100E5F6BC /* LQStandardCollectionViewCell.h */ = {isa = PBXFileReference; lastKnownFileType = sourcecode.c.h; path = LQStandardCollectionViewCell.h; sourceTree = "<group>"; };
		DB17D20F22925CE100E5F6BC /* LQStandardCollectionViewCell.m */ = {isa = PBXFileReference; lastKnownFileType = sourcecode.c.objc; path = LQStandardCollectionViewCell.m; sourceTree = "<group>"; };
		DB17D211229284E100E5F6BC /* LQStandardCollectionReusableView.h */ = {isa = PBXFileReference; lastKnownFileType = sourcecode.c.h; path = LQStandardCollectionReusableView.h; sourceTree = "<group>"; };
		DB17D212229284E100E5F6BC /* LQStandardCollectionReusableView.m */ = {isa = PBXFileReference; lastKnownFileType = sourcecode.c.objc; path = LQStandardCollectionReusableView.m; sourceTree = "<group>"; };
		DB17D21422928B2000E5F6BC /* UICollectionViewLeftAlignedLayout.h */ = {isa = PBXFileReference; fileEncoding = 4; lastKnownFileType = sourcecode.c.h; path = UICollectionViewLeftAlignedLayout.h; sourceTree = "<group>"; };
		DB17D21522928B2000E5F6BC /* UICollectionViewLeftAlignedLayout.m */ = {isa = PBXFileReference; fileEncoding = 4; lastKnownFileType = sourcecode.c.objc; path = UICollectionViewLeftAlignedLayout.m; sourceTree = "<group>"; };
		DB17D21722928BAE00E5F6BC /* LQStandardModel.h */ = {isa = PBXFileReference; lastKnownFileType = sourcecode.c.h; path = LQStandardModel.h; sourceTree = "<group>"; };
		DB17D21822928BAE00E5F6BC /* LQStandardModel.m */ = {isa = PBXFileReference; lastKnownFileType = sourcecode.c.objc; path = LQStandardModel.m; sourceTree = "<group>"; };
		DB185BB222C4C3A300363A02 /* LQYYTextTestViewController.h */ = {isa = PBXFileReference; lastKnownFileType = sourcecode.c.h; path = LQYYTextTestViewController.h; sourceTree = "<group>"; };
		DB185BB322C4C3A300363A02 /* LQYYTextTestViewController.m */ = {isa = PBXFileReference; lastKnownFileType = sourcecode.c.objc; path = LQYYTextTestViewController.m; sourceTree = "<group>"; };
		DB2F4C202307B19800D9363F /* NSDate+LQCalender.h */ = {isa = PBXFileReference; lastKnownFileType = sourcecode.c.h; path = "NSDate+LQCalender.h"; sourceTree = "<group>"; };
		DB2F4C212307B19800D9363F /* NSDate+LQCalender.m */ = {isa = PBXFileReference; lastKnownFileType = sourcecode.c.objc; path = "NSDate+LQCalender.m"; sourceTree = "<group>"; };
		DB2F4C232307D35D00D9363F /* NSString+LQCalender.h */ = {isa = PBXFileReference; lastKnownFileType = sourcecode.c.h; path = "NSString+LQCalender.h"; sourceTree = "<group>"; };
		DB2F4C242307D35D00D9363F /* NSString+LQCalender.m */ = {isa = PBXFileReference; lastKnownFileType = sourcecode.c.objc; path = "NSString+LQCalender.m"; sourceTree = "<group>"; };
		DB2F4C262307D45B00D9363F /* LQCalenderDayModel.h */ = {isa = PBXFileReference; lastKnownFileType = sourcecode.c.h; path = LQCalenderDayModel.h; sourceTree = "<group>"; };
		DB2F4C272307D45B00D9363F /* LQCalenderDayModel.m */ = {isa = PBXFileReference; lastKnownFileType = sourcecode.c.objc; path = LQCalenderDayModel.m; sourceTree = "<group>"; };
		DB2F4C292307D48C00D9363F /* LQCalenderMonthModel.h */ = {isa = PBXFileReference; lastKnownFileType = sourcecode.c.h; path = LQCalenderMonthModel.h; sourceTree = "<group>"; };
		DB2F4C2A2307D48C00D9363F /* LQCalenderMonthModel.m */ = {isa = PBXFileReference; lastKnownFileType = sourcecode.c.objc; path = LQCalenderMonthModel.m; sourceTree = "<group>"; };
		DB2F4C2C2307D53700D9363F /* LQCalenderHeadView.h */ = {isa = PBXFileReference; lastKnownFileType = sourcecode.c.h; path = LQCalenderHeadView.h; sourceTree = "<group>"; };
		DB2F4C2D2307D53700D9363F /* LQCalenderHeadView.m */ = {isa = PBXFileReference; lastKnownFileType = sourcecode.c.objc; path = LQCalenderHeadView.m; sourceTree = "<group>"; };
		DB2F4C2F2307D54B00D9363F /* LQCalenderWeekView.h */ = {isa = PBXFileReference; lastKnownFileType = sourcecode.c.h; path = LQCalenderWeekView.h; sourceTree = "<group>"; };
		DB2F4C302307D54B00D9363F /* LQCalenderWeekView.m */ = {isa = PBXFileReference; lastKnownFileType = sourcecode.c.objc; path = LQCalenderWeekView.m; sourceTree = "<group>"; };
		DB2F4C322307D96A00D9363F /* LQCalenderView.h */ = {isa = PBXFileReference; lastKnownFileType = sourcecode.c.h; path = LQCalenderView.h; sourceTree = "<group>"; };
		DB2F4C332307D96A00D9363F /* LQCalenderView.m */ = {isa = PBXFileReference; lastKnownFileType = sourcecode.c.objc; path = LQCalenderView.m; sourceTree = "<group>"; };
		DB2F4C352307D9AE00D9363F /* LQCalenderCollectionViewCell.h */ = {isa = PBXFileReference; lastKnownFileType = sourcecode.c.h; path = LQCalenderCollectionViewCell.h; sourceTree = "<group>"; };
		DB2F4C362307D9AE00D9363F /* LQCalenderCollectionViewCell.m */ = {isa = PBXFileReference; lastKnownFileType = sourcecode.c.objc; path = LQCalenderCollectionViewCell.m; sourceTree = "<group>"; };
		DB2F4C382307E0DC00D9363F /* LQCalendarViewController.h */ = {isa = PBXFileReference; lastKnownFileType = sourcecode.c.h; path = LQCalendarViewController.h; sourceTree = "<group>"; };
		DB2F4C392307E0DC00D9363F /* LQCalendarViewController.m */ = {isa = PBXFileReference; lastKnownFileType = sourcecode.c.objc; path = LQCalendarViewController.m; sourceTree = "<group>"; };
		DB8F73CD22F33AC900AD65D9 /* LQTestTableViewCell.h */ = {isa = PBXFileReference; lastKnownFileType = sourcecode.c.h; path = LQTestTableViewCell.h; sourceTree = "<group>"; };
		DB8F73CE22F33AC900AD65D9 /* LQTestTableViewCell.m */ = {isa = PBXFileReference; lastKnownFileType = sourcecode.c.objc; path = LQTestTableViewCell.m; sourceTree = "<group>"; };
		DB8F73CF22F33AC900AD65D9 /* LQTestTableViewCell.xib */ = {isa = PBXFileReference; lastKnownFileType = file.xib; path = LQTestTableViewCell.xib; sourceTree = "<group>"; };
		DBA5618822477089003EE8CD /* LQGraphCodeView.m */ = {isa = PBXFileReference; fileEncoding = 4; lastKnownFileType = sourcecode.c.objc; path = LQGraphCodeView.m; sourceTree = "<group>"; };
		DBA5618922477089003EE8CD /* LQGraphCodeView.h */ = {isa = PBXFileReference; fileEncoding = 4; lastKnownFileType = sourcecode.c.h; path = LQGraphCodeView.h; sourceTree = "<group>"; };
		DBBE4A0E224C7CB400D5B398 /* UIButton+Location.h */ = {isa = PBXFileReference; lastKnownFileType = sourcecode.c.h; path = "UIButton+Location.h"; sourceTree = "<group>"; };
		DBBE4A0F224C7CB400D5B398 /* UIButton+Location.m */ = {isa = PBXFileReference; lastKnownFileType = sourcecode.c.objc; path = "UIButton+Location.m"; sourceTree = "<group>"; };
		DBD7289E2293AFED0075B2E2 /* proJson.txt */ = {isa = PBXFileReference; fileEncoding = 4; lastKnownFileType = text; path = proJson.txt; sourceTree = "<group>"; };
		DBD728A0229404A50075B2E2 /* head.jpg */ = {isa = PBXFileReference; lastKnownFileType = image.jpeg; path = head.jpg; sourceTree = "<group>"; };
		FF497355E786C0B55647EC88 /* libPods-LQCustomClass.a */ = {isa = PBXFileReference; explicitFileType = archive.ar; includeInIndex = 0; path = "libPods-LQCustomClass.a"; sourceTree = BUILT_PRODUCTS_DIR; };
/* End PBXFileReference section */

/* Begin PBXFrameworksBuildPhase section */
		DB0C5A722244F19C00413B1C /* Frameworks */ = {
			isa = PBXFrameworksBuildPhase;
			buildActionMask = 2147483647;
			files = (
				76982918AC6D415820A5A7FF /* libPods-LQCustomClass.a in Frameworks */,
			);
			runOnlyForDeploymentPostprocessing = 0;
		};
		DB0C5A8A2244F19F00413B1C /* Frameworks */ = {
			isa = PBXFrameworksBuildPhase;
			buildActionMask = 2147483647;
			files = (
			);
			runOnlyForDeploymentPostprocessing = 0;
		};
		DB0C5A952244F19F00413B1C /* Frameworks */ = {
			isa = PBXFrameworksBuildPhase;
			buildActionMask = 2147483647;
			files = (
			);
			runOnlyForDeploymentPostprocessing = 0;
		};
/* End PBXFrameworksBuildPhase section */

/* Begin PBXGroup section */
		10F18129DB0DA5F67033D13E /* Frameworks */ = {
			isa = PBXGroup;
			children = (
				FF497355E786C0B55647EC88 /* libPods-LQCustomClass.a */,
			);
			name = Frameworks;
			sourceTree = "<group>";
		};
		DB0C5A6C2244F19C00413B1C = {
			isa = PBXGroup;
			children = (
				DB0C5A772244F19C00413B1C /* LQCustomClass */,
				DB0C5A902244F19F00413B1C /* LQCustomClassTests */,
				DB0C5A9B2244F19F00413B1C /* LQCustomClassUITests */,
				DB0C5A762244F19C00413B1C /* Products */,
				F4FFE70132CB9803F49F7EE7 /* Pods */,
				10F18129DB0DA5F67033D13E /* Frameworks */,
			);
			sourceTree = "<group>";
		};
		DB0C5A762244F19C00413B1C /* Products */ = {
			isa = PBXGroup;
			children = (
				DB0C5A752244F19C00413B1C /* LQCustomClass.app */,
				DB0C5A8D2244F19F00413B1C /* LQCustomClassTests.xctest */,
				DB0C5A982244F19F00413B1C /* LQCustomClassUITests.xctest */,
			);
			name = Products;
			sourceTree = "<group>";
		};
		DB0C5A772244F19C00413B1C /* LQCustomClass */ = {
			isa = PBXGroup;
			children = (
				DBD728A0229404A50075B2E2 /* head.jpg */,
				DB0C5A782244F19C00413B1C /* AppDelegate.h */,
				DB0C5A792244F19C00413B1C /* AppDelegate.m */,
				DB0C5A7B2244F19C00413B1C /* ViewController.h */,
				DB0C5A7C2244F19D00413B1C /* ViewController.m */,
				DB0C5AAA2244F1B600413B1C /* PrefixHeader.pch */,
				DB0C5B0E2244F7ED00413B1C /* LQBaseViewController.h */,
				DB0C5B0F2244F7ED00413B1C /* LQBaseViewController.m */,
				DB2F4C1F2307B0E200D9363F /* LQCalenderView */,
				DB185BB122C4C26500363A02 /* YYTextTestVC */,
				DB17D20122924FAE00E5F6BC /* SkuView */,
				DBA5618722477089003EE8CD /* graphCode */,
				DB0C5B112244F8A900413B1C /* 仿AndroidToast控件 */,
				DB0C5B042244F74300413B1C /* WBMJRefreshHeader */,
				DB0C5B002244F73900413B1C /* WBSearchView */,
				DB0C5AFC2244F72600413B1C /* CustomActionSheet */,
				DB0C5AF82244F71C00413B1C /* WBCustomAleartView */,
				DB0C5AF12244F70000413B1C /* WBCustomHUD */,
				DB0C5AED2244F6EF00413B1C /* ILNavgationController */,
				DB0C5AE92244F6DD00413B1C /* 设置导航栏渐变色 */,
				DB0C5AE22244F69B00413B1C /* SDLScanTool */,
				DB0C5AD82244F65600413B1C /*  MsgEncryption */,
				DB0C5AD42244F64900413B1C /* ILMD5 */,
				DB0C5AD02244F63F00413B1C /* LQCustomControl */,
				DB0C5ACC2244F63600413B1C /* ClearCacheTool */,
				DB0C5AC52244F5BE00413B1C /* 自定义网络错误界面 */,
				DB0C5AB22244F53000413B1C /* category */,
				DB0C5AAB2244F3E100413B1C /* Button */,
				DB0C5A7E2244F19D00413B1C /* Main.storyboard */,
				DB0C5A812244F19F00413B1C /* Assets.xcassets */,
				DB0C5A832244F19F00413B1C /* LaunchScreen.storyboard */,
				DB0C5A862244F19F00413B1C /* Info.plist */,
				DB0C5A872244F19F00413B1C /* main.m */,
			);
			path = LQCustomClass;
			sourceTree = "<group>";
		};
		DB0C5A902244F19F00413B1C /* LQCustomClassTests */ = {
			isa = PBXGroup;
			children = (
				DB0C5A912244F19F00413B1C /* LQCustomClassTests.m */,
				DB0C5A932244F19F00413B1C /* Info.plist */,
			);
			path = LQCustomClassTests;
			sourceTree = "<group>";
		};
		DB0C5A9B2244F19F00413B1C /* LQCustomClassUITests */ = {
			isa = PBXGroup;
			children = (
				DB0C5A9C2244F19F00413B1C /* LQCustomClassUITests.m */,
				DB0C5A9E2244F19F00413B1C /* Info.plist */,
			);
			path = LQCustomClassUITests;
			sourceTree = "<group>";
		};
		DB0C5AAB2244F3E100413B1C /* Button */ = {
			isa = PBXGroup;
			children = (
				DB0C5AAF2244F40100413B1C /* LQButton.h */,
				DB0C5AAE2244F40100413B1C /* LQButton.m */,
				DB0C5AAD2244F40100413B1C /* UIButton+bgColor.h */,
				DB0C5AAC2244F40100413B1C /* UIButton+bgColor.m */,
				DBBE4A0E224C7CB400D5B398 /* UIButton+Location.h */,
				DBBE4A0F224C7CB400D5B398 /* UIButton+Location.m */,
				DB17D1FE22924B5000E5F6BC /* LQTextAndImgViewController.h */,
				DB17D1FF22924B5000E5F6BC /* LQTextAndImgViewController.m */,
			);
			path = Button;
			sourceTree = "<group>";
		};
		DB0C5AB22244F53000413B1C /* category */ = {
			isa = PBXGroup;
			children = (
				DB0C5AB32244F53000413B1C /* UITableViewCell+LQAnimation.h */,
				DB0C5AB92244F53000413B1C /* UITableViewCell+LQAnimation.m */,
				DB0C5ABD2244F53000413B1C /* NSString+LQString.h */,
				DB0C5AB42244F53000413B1C /* NSString+LQString.m */,
				DB0C5ABC2244F53000413B1C /* NSDate+LQDate.h */,
				DB0C5AB52244F53000413B1C /* NSDate+LQDate.m */,
				DB0C5AB62244F53000413B1C /* NSDateFormatter+LQFormatter.h */,
				DB0C5ABB2244F53000413B1C /* NSDateFormatter+LQFormatter.m */,
				DB0C5AB82244F53000413B1C /* UIView+LQFrame.h */,
				DB0C5ABE2244F53000413B1C /* UIView+LQFrame.m */,
				DB0C5ABA2244F53000413B1C /* UIColor+Hex.h */,
				DB0C5AB72244F53000413B1C /* UIColor+Hex.m */,
			);
			path = category;
			sourceTree = "<group>";
		};
		DB0C5AC52244F5BE00413B1C /* 自定义网络错误界面 */ = {
			isa = PBXGroup;
			children = (
				DB0C5AC62244F5BE00413B1C /* UIButton+ClipLayer.m */,
				DB0C5AC72244F5BE00413B1C /* LoadErrorView.h */,
				DB0C5AC82244F5BE00413B1C /* LoadErrorView.m */,
				DB0C5AC92244F5BE00413B1C /* UIButton+ClipLayer.h */,
			);
			path = "自定义网络错误界面";
			sourceTree = "<group>";
		};
		DB0C5ACC2244F63600413B1C /* ClearCacheTool */ = {
			isa = PBXGroup;
			children = (
				DB0C5ACD2244F63600413B1C /* LQClearCacheTool.m */,
				DB0C5ACE2244F63600413B1C /* LQClearCacheTool.h */,
			);
			path = ClearCacheTool;
			sourceTree = "<group>";
		};
		DB0C5AD02244F63F00413B1C /* LQCustomControl */ = {
			isa = PBXGroup;
			children = (
				DB0C5AD12244F63F00413B1C /* LQCustomControl.m */,
				DB0C5AD22244F63F00413B1C /* LQCustomControl.h */,
			);
			path = LQCustomControl;
			sourceTree = "<group>";
		};
		DB0C5AD42244F64900413B1C /* ILMD5 */ = {
			isa = PBXGroup;
			children = (
				DB0C5AD52244F64900413B1C /* LQMD5.h */,
				DB0C5AD62244F64900413B1C /* LQMD5.m */,
			);
			path = ILMD5;
			sourceTree = "<group>";
		};
		DB0C5AD82244F65600413B1C /*  MsgEncryption */ = {
			isa = PBXGroup;
			children = (
				DB0C5ADA2244F65600413B1C /* AESCipher.m */,
				DB0C5ADB2244F65600413B1C /* RBRSA.m */,
				DB0C5ADD2244F65600413B1C /* RBRSA.h */,
				DB0C5ADE2244F65600413B1C /* AESCipher.h */,
			);
			path = " MsgEncryption";
			sourceTree = "<group>";
		};
		DB0C5AE22244F69B00413B1C /* SDLScanTool */ = {
			isa = PBXGroup;
			children = (
				DB0C5AE32244F69B00413B1C /* WSLNativeScanTool.h */,
				DB0C5AE42244F69B00413B1C /* WSLScanView.m */,
				DB0C5AE52244F69B00413B1C /* WSLScanView.h */,
				DB0C5AE62244F69B00413B1C /* WSLNativeScanTool.m */,
			);
			path = SDLScanTool;
			sourceTree = "<group>";
		};
		DB0C5AE92244F6DD00413B1C /* 设置导航栏渐变色 */ = {
			isa = PBXGroup;
			children = (
				DB0C5AEA2244F6DD00413B1C /* UIImage+XSQAlpha.h */,
				DB0C5AEB2244F6DD00413B1C /* UIImage+XSQAlpha.m */,
			);
			path = "设置导航栏渐变色";
			sourceTree = "<group>";
		};
		DB0C5AED2244F6EF00413B1C /* ILNavgationController */ = {
			isa = PBXGroup;
			children = (
				DB0C5AEE2244F6EF00413B1C /* ILNaviagtionController.h */,
				DB0C5AEF2244F6EF00413B1C /* ILNaviagtionController.m */,
			);
			path = ILNavgationController;
			sourceTree = "<group>";
		};
		DB0C5AF12244F70000413B1C /* WBCustomHUD */ = {
			isa = PBXGroup;
			children = (
				DB0C5AF22244F70000413B1C /* MBProgressHUD+NH.h */,
				DB0C5AF32244F70000413B1C /* UIView+MBProgressHUD.h */,
				DB0C5AF42244F70000413B1C /* UIView+MBProgressHUD.m */,
				DB0C5AF52244F70000413B1C /* MBProgressHUD+NH.m */,
			);
			path = WBCustomHUD;
			sourceTree = "<group>";
		};
		DB0C5AF82244F71C00413B1C /* WBCustomAleartView */ = {
			isa = PBXGroup;
			children = (
				DB0C5AF92244F71D00413B1C /* LQAleartView.m */,
				DB0C5AFA2244F71D00413B1C /* LQAleartView.h */,
			);
			path = WBCustomAleartView;
			sourceTree = "<group>";
		};
		DB0C5AFC2244F72600413B1C /* CustomActionSheet */ = {
			isa = PBXGroup;
			children = (
				DB0C5AFD2244F72600413B1C /* TSCustomActionSheetView.h */,
				DB0C5AFE2244F72600413B1C /* TSCustomActionSheetView.m */,
			);
			path = CustomActionSheet;
			sourceTree = "<group>";
		};
		DB0C5B002244F73900413B1C /* WBSearchView */ = {
			isa = PBXGroup;
			children = (
				DB0C5B012244F73900413B1C /* TSHeadSearchView.m */,
				DB0C5B022244F73900413B1C /* TSHeadSearchView.h */,
			);
			path = WBSearchView;
			sourceTree = "<group>";
		};
		DB0C5B042244F74300413B1C /* WBMJRefreshHeader */ = {
			isa = PBXGroup;
			children = (
				DB0C5B052244F74300413B1C /* MJRefreshCustomGifHeader.m */,
				DB0C5B062244F74300413B1C /* MJRefreshCustomFooter.m */,
				DB0C5B072244F74300413B1C /* MJRefreshCustomHeader.m */,
				DB0C5B082244F74300413B1C /* MJRefreshCustomGifHeader.h */,
				DB0C5B092244F74300413B1C /* MJRefreshCustomHeader.h */,
				DB0C5B0A2244F74300413B1C /* MJRefreshCustomFooter.h */,
			);
			path = WBMJRefreshHeader;
			sourceTree = "<group>";
		};
		DB0C5B112244F8A900413B1C /* 仿AndroidToast控件 */ = {
			isa = PBXGroup;
			children = (
				DB0C5B122244F8A900413B1C /* LLToast.m */,
				DB0C5B132244F8A900413B1C /* LLToast.h */,
			);
			path = "仿AndroidToast控件";
			sourceTree = "<group>";
		};
		DB17D20122924FAE00E5F6BC /* SkuView */ = {
			isa = PBXGroup;
			children = (
				DBD7289E2293AFED0075B2E2 /* proJson.txt */,
				DB17D21422928B2000E5F6BC /* UICollectionViewLeftAlignedLayout.h */,
				DB17D21522928B2000E5F6BC /* UICollectionViewLeftAlignedLayout.m */,
				DB17D20222924FC800E5F6BC /* LQSkuViewController.h */,
				DB17D20322924FC800E5F6BC /* LQSkuViewController.m */,
				DB17D20522924FF900E5F6BC /* LQSkuView.h */,
				DB17D20622924FF900E5F6BC /* LQSkuView.m */,
				DB17D20E22925CE100E5F6BC /* LQStandardCollectionViewCell.h */,
				DB17D20F22925CE100E5F6BC /* LQStandardCollectionViewCell.m */,
				DB17D211229284E100E5F6BC /* LQStandardCollectionReusableView.h */,
				DB17D212229284E100E5F6BC /* LQStandardCollectionReusableView.m */,
				DB17D21722928BAE00E5F6BC /* LQStandardModel.h */,
				DB17D21822928BAE00E5F6BC /* LQStandardModel.m */,
			);
			path = SkuView;
			sourceTree = "<group>";
		};
		DB185BB122C4C26500363A02 /* YYTextTestVC */ = {
			isa = PBXGroup;
			children = (
				DB185BB222C4C3A300363A02 /* LQYYTextTestViewController.h */,
				DB185BB322C4C3A300363A02 /* LQYYTextTestViewController.m */,
				DB8F73CD22F33AC900AD65D9 /* LQTestTableViewCell.h */,
				DB8F73CE22F33AC900AD65D9 /* LQTestTableViewCell.m */,
				DB8F73CF22F33AC900AD65D9 /* LQTestTableViewCell.xib */,
			);
			path = YYTextTestVC;
			sourceTree = "<group>";
		};
		DB2F4C1F2307B0E200D9363F /* LQCalenderView */ = {
			isa = PBXGroup;
			children = (
				DB2F4C202307B19800D9363F /* NSDate+LQCalender.h */,
				DB2F4C212307B19800D9363F /* NSDate+LQCalender.m */,
				DB2F4C232307D35D00D9363F /* NSString+LQCalender.h */,
				DB2F4C242307D35D00D9363F /* NSString+LQCalender.m */,
				DB2F4C262307D45B00D9363F /* LQCalenderDayModel.h */,
				DB2F4C272307D45B00D9363F /* LQCalenderDayModel.m */,
				DB2F4C292307D48C00D9363F /* LQCalenderMonthModel.h */,
				DB2F4C2A2307D48C00D9363F /* LQCalenderMonthModel.m */,
				DB2F4C2C2307D53700D9363F /* LQCalenderHeadView.h */,
				DB2F4C2D2307D53700D9363F /* LQCalenderHeadView.m */,
				DB2F4C2F2307D54B00D9363F /* LQCalenderWeekView.h */,
				DB2F4C302307D54B00D9363F /* LQCalenderWeekView.m */,
				DB2F4C352307D9AE00D9363F /* LQCalenderCollectionViewCell.h */,
				DB2F4C362307D9AE00D9363F /* LQCalenderCollectionViewCell.m */,
				DB2F4C322307D96A00D9363F /* LQCalenderView.h */,
				DB2F4C332307D96A00D9363F /* LQCalenderView.m */,
				DB2F4C382307E0DC00D9363F /* LQCalendarViewController.h */,
				DB2F4C392307E0DC00D9363F /* LQCalendarViewController.m */,
			);
			path = LQCalenderView;
			sourceTree = "<group>";
		};
		DBA5618722477089003EE8CD /* graphCode */ = {
			isa = PBXGroup;
			children = (
				DBA5618822477089003EE8CD /* LQGraphCodeView.m */,
				DBA5618922477089003EE8CD /* LQGraphCodeView.h */,
				DB17D1FB229248A400E5F6BC /* LQGraphCodeViewController.h */,
				DB17D1FC229248A400E5F6BC /* LQGraphCodeViewController.m */,
			);
			path = graphCode;
			sourceTree = "<group>";
		};
		F4FFE70132CB9803F49F7EE7 /* Pods */ = {
			isa = PBXGroup;
			children = (
				83B65F464ED1ECF3A6A221A0 /* Pods-LQCustomClass.debug.xcconfig */,
				B26DAA47AAB59923447FAA19 /* Pods-LQCustomClass.release.xcconfig */,
			);
			name = Pods;
			sourceTree = "<group>";
		};
/* End PBXGroup section */

/* Begin PBXNativeTarget section */
		DB0C5A742244F19C00413B1C /* LQCustomClass */ = {
			isa = PBXNativeTarget;
			buildConfigurationList = DB0C5AA12244F19F00413B1C /* Build configuration list for PBXNativeTarget "LQCustomClass" */;
			buildPhases = (
				867D7B6BAD848603813C0565 /* [CP] Check Pods Manifest.lock */,
				DB0C5A712244F19C00413B1C /* Sources */,
				DB0C5A722244F19C00413B1C /* Frameworks */,
				DB0C5A732244F19C00413B1C /* Resources */,
				74F1030DAD6F4C851784226C /* [CP] Copy Pods Resources */,
			);
			buildRules = (
			);
			dependencies = (
			);
			name = LQCustomClass;
			productName = LQCustomClass;
			productReference = DB0C5A752244F19C00413B1C /* LQCustomClass.app */;
			productType = "com.apple.product-type.application";
		};
		DB0C5A8C2244F19F00413B1C /* LQCustomClassTests */ = {
			isa = PBXNativeTarget;
			buildConfigurationList = DB0C5AA42244F19F00413B1C /* Build configuration list for PBXNativeTarget "LQCustomClassTests" */;
			buildPhases = (
				DB0C5A892244F19F00413B1C /* Sources */,
				DB0C5A8A2244F19F00413B1C /* Frameworks */,
				DB0C5A8B2244F19F00413B1C /* Resources */,
			);
			buildRules = (
			);
			dependencies = (
				DB0C5A8F2244F19F00413B1C /* PBXTargetDependency */,
			);
			name = LQCustomClassTests;
			productName = LQCustomClassTests;
			productReference = DB0C5A8D2244F19F00413B1C /* LQCustomClassTests.xctest */;
			productType = "com.apple.product-type.bundle.unit-test";
		};
		DB0C5A972244F19F00413B1C /* LQCustomClassUITests */ = {
			isa = PBXNativeTarget;
			buildConfigurationList = DB0C5AA72244F19F00413B1C /* Build configuration list for PBXNativeTarget "LQCustomClassUITests" */;
			buildPhases = (
				DB0C5A942244F19F00413B1C /* Sources */,
				DB0C5A952244F19F00413B1C /* Frameworks */,
				DB0C5A962244F19F00413B1C /* Resources */,
			);
			buildRules = (
			);
			dependencies = (
				DB0C5A9A2244F19F00413B1C /* PBXTargetDependency */,
			);
			name = LQCustomClassUITests;
			productName = LQCustomClassUITests;
			productReference = DB0C5A982244F19F00413B1C /* LQCustomClassUITests.xctest */;
			productType = "com.apple.product-type.bundle.ui-testing";
		};
/* End PBXNativeTarget section */

/* Begin PBXProject section */
		DB0C5A6D2244F19C00413B1C /* Project object */ = {
			isa = PBXProject;
			attributes = {
				LastUpgradeCheck = 1010;
				ORGANIZATIONNAME = "li xiao yang";
				TargetAttributes = {
					DB0C5A742244F19C00413B1C = {
						CreatedOnToolsVersion = 10.1;
					};
					DB0C5A8C2244F19F00413B1C = {
						CreatedOnToolsVersion = 10.1;
						TestTargetID = DB0C5A742244F19C00413B1C;
					};
					DB0C5A972244F19F00413B1C = {
						CreatedOnToolsVersion = 10.1;
						TestTargetID = DB0C5A742244F19C00413B1C;
					};
				};
			};
			buildConfigurationList = DB0C5A702244F19C00413B1C /* Build configuration list for PBXProject "LQCustomClass" */;
			compatibilityVersion = "Xcode 9.3";
			developmentRegion = en;
			hasScannedForEncodings = 0;
			knownRegions = (
				en,
				Base,
			);
			mainGroup = DB0C5A6C2244F19C00413B1C;
			productRefGroup = DB0C5A762244F19C00413B1C /* Products */;
			projectDirPath = "";
			projectRoot = "";
			targets = (
				DB0C5A742244F19C00413B1C /* LQCustomClass */,
				DB0C5A8C2244F19F00413B1C /* LQCustomClassTests */,
				DB0C5A972244F19F00413B1C /* LQCustomClassUITests */,
			);
		};
/* End PBXProject section */

/* Begin PBXResourcesBuildPhase section */
		DB0C5A732244F19C00413B1C /* Resources */ = {
			isa = PBXResourcesBuildPhase;
			buildActionMask = 2147483647;
			files = (
				DB0C5A852244F19F00413B1C /* LaunchScreen.storyboard in Resources */,
				DBD728A1229404A50075B2E2 /* head.jpg in Resources */,
				DBD7289F2293AFED0075B2E2 /* proJson.txt in Resources */,
				DB0C5A822244F19F00413B1C /* Assets.xcassets in Resources */,
				DB8F73D122F33AC900AD65D9 /* LQTestTableViewCell.xib in Resources */,
				DB0C5A802244F19D00413B1C /* Main.storyboard in Resources */,
			);
			runOnlyForDeploymentPostprocessing = 0;
		};
		DB0C5A8B2244F19F00413B1C /* Resources */ = {
			isa = PBXResourcesBuildPhase;
			buildActionMask = 2147483647;
			files = (
			);
			runOnlyForDeploymentPostprocessing = 0;
		};
		DB0C5A962244F19F00413B1C /* Resources */ = {
			isa = PBXResourcesBuildPhase;
			buildActionMask = 2147483647;
			files = (
			);
			runOnlyForDeploymentPostprocessing = 0;
		};
/* End PBXResourcesBuildPhase section */

/* Begin PBXShellScriptBuildPhase section */
		74F1030DAD6F4C851784226C /* [CP] Copy Pods Resources */ = {
			isa = PBXShellScriptBuildPhase;
			buildActionMask = 2147483647;
			files = (
			);
			inputFileListPaths = (
				"${PODS_ROOT}/Target Support Files/Pods-LQCustomClass/Pods-LQCustomClass-resources-${CONFIGURATION}-input-files.xcfilelist",
			);
			name = "[CP] Copy Pods Resources";
			outputFileListPaths = (
				"${PODS_ROOT}/Target Support Files/Pods-LQCustomClass/Pods-LQCustomClass-resources-${CONFIGURATION}-output-files.xcfilelist",
			);
			runOnlyForDeploymentPostprocessing = 0;
			shellPath = /bin/sh;
			shellScript = "\"${PODS_ROOT}/Target Support Files/Pods-LQCustomClass/Pods-LQCustomClass-resources.sh\"\n";
			showEnvVarsInLog = 0;
		};
		867D7B6BAD848603813C0565 /* [CP] Check Pods Manifest.lock */ = {
			isa = PBXShellScriptBuildPhase;
			buildActionMask = 2147483647;
			files = (
			);
			inputPaths = (
				"${PODS_PODFILE_DIR_PATH}/Podfile.lock",
				"${PODS_ROOT}/Manifest.lock",
			);
			name = "[CP] Check Pods Manifest.lock";
			outputPaths = (
				"$(DERIVED_FILE_DIR)/Pods-LQCustomClass-checkManifestLockResult.txt",
			);
			runOnlyForDeploymentPostprocessing = 0;
			shellPath = /bin/sh;
			shellScript = "diff \"${PODS_PODFILE_DIR_PATH}/Podfile.lock\" \"${PODS_ROOT}/Manifest.lock\" > /dev/null\nif [ $? != 0 ] ; then\n    # print error to STDERR\n    echo \"error: The sandbox is not in sync with the Podfile.lock. Run 'pod install' or update your CocoaPods installation.\" >&2\n    exit 1\nfi\n# This output is used by Xcode 'outputs' to avoid re-running this script phase.\necho \"SUCCESS\" > \"${SCRIPT_OUTPUT_FILE_0}\"\n";
			showEnvVarsInLog = 0;
		};
/* End PBXShellScriptBuildPhase section */

/* Begin PBXSourcesBuildPhase section */
		DB0C5A712244F19C00413B1C /* Sources */ = {
			isa = PBXSourcesBuildPhase;
			buildActionMask = 2147483647;
			files = (
				DB0C5A7D2244F19D00413B1C /* ViewController.m in Sources */,
				DB2F4C342307D96A00D9363F /* LQCalenderView.m in Sources */,
				DB17D213229284E100E5F6BC /* LQStandardCollectionReusableView.m in Sources */,
				DB0C5ADF2244F65700413B1C /* AESCipher.m in Sources */,
				DB0C5AC32244F53000413B1C /* NSDateFormatter+LQFormatter.m in Sources */,
				DB17D20722924FF900E5F6BC /* LQSkuView.m in Sources */,
				DB0C5AF72244F70000413B1C /* MBProgressHUD+NH.m in Sources */,
				DB0C5B0D2244F74300413B1C /* MJRefreshCustomHeader.m in Sources */,
				DB17D21022925CE100E5F6BC /* LQStandardCollectionViewCell.m in Sources */,
				DB0C5AE72244F69B00413B1C /* WSLScanView.m in Sources */,
				DB0C5AF62244F70000413B1C /* UIView+MBProgressHUD.m in Sources */,
				DBA5618A22477089003EE8CD /* LQGraphCodeView.m in Sources */,
				DBBE4A10224C7CB400D5B398 /* UIButton+Location.m in Sources */,
				DB2F4C3A2307E0DC00D9363F /* LQCalendarViewController.m in Sources */,
				DB0C5B142244F8A900413B1C /* LLToast.m in Sources */,
				DB2F4C282307D45B00D9363F /* LQCalenderDayModel.m in Sources */,
				DB0C5A882244F19F00413B1C /* main.m in Sources */,
				DB17D20422924FC800E5F6BC /* LQSkuViewController.m in Sources */,
				DB0C5B102244F7ED00413B1C /* LQBaseViewController.m in Sources */,
				DB2F4C2E2307D53700D9363F /* LQCalenderHeadView.m in Sources */,
				DB185BB422C4C3A300363A02 /* LQYYTextTestViewController.m in Sources */,
				DB0C5AEC2244F6DD00413B1C /* UIImage+XSQAlpha.m in Sources */,
				DB0C5AB02244F40100413B1C /* UIButton+bgColor.m in Sources */,
				DB0C5B0B2244F74300413B1C /* MJRefreshCustomGifHeader.m in Sources */,
				DB8F73D022F33AC900AD65D9 /* LQTestTableViewCell.m in Sources */,
				DB0C5ACB2244F5BE00413B1C /* LoadErrorView.m in Sources */,
				DB17D1FD229248A400E5F6BC /* LQGraphCodeViewController.m in Sources */,
				DB0C5AE02244F65700413B1C /* RBRSA.m in Sources */,
				DB0C5AD72244F64900413B1C /* LQMD5.m in Sources */,
				DB0C5ABF2244F53000413B1C /* NSString+LQString.m in Sources */,
				DB0C5B032244F73A00413B1C /* TSHeadSearchView.m in Sources */,
				DB17D21622928B2000E5F6BC /* UICollectionViewLeftAlignedLayout.m in Sources */,
				DB0C5AE82244F69B00413B1C /* WSLNativeScanTool.m in Sources */,
				DB2F4C222307B19800D9363F /* NSDate+LQCalender.m in Sources */,
				DB0C5ACA2244F5BE00413B1C /* UIButton+ClipLayer.m in Sources */,
				DB0C5B0C2244F74300413B1C /* MJRefreshCustomFooter.m in Sources */,
				DB0C5AD32244F63F00413B1C /* LQCustomControl.m in Sources */,
				DB0C5A7A2244F19C00413B1C /* AppDelegate.m in Sources */,
				DB2F4C2B2307D48C00D9363F /* LQCalenderMonthModel.m in Sources */,
				DB0C5AC12244F53000413B1C /* UIColor+Hex.m in Sources */,
				DB0C5AF02244F6EF00413B1C /* ILNaviagtionController.m in Sources */,
				DB17D20022924B5000E5F6BC /* LQTextAndImgViewController.m in Sources */,
				DB0C5AC42244F53000413B1C /* UIView+LQFrame.m in Sources */,
				DB0C5AB12244F40100413B1C /* LQButton.m in Sources */,
				DB0C5AC02244F53000413B1C /* NSDate+LQDate.m in Sources */,
				DB2F4C252307D35D00D9363F /* NSString+LQCalender.m in Sources */,
				DB0C5AC22244F53000413B1C /* UITableViewCell+LQAnimation.m in Sources */,
				DB2F4C312307D54B00D9363F /* LQCalenderWeekView.m in Sources */,
				DB0C5AFB2244F71D00413B1C /* LQAleartView.m in Sources */,
				DB17D21922928BAE00E5F6BC /* LQStandardModel.m in Sources */,
				DB0C5AFF2244F72600413B1C /* TSCustomActionSheetView.m in Sources */,
				DB0C5ACF2244F63600413B1C /* LQClearCacheTool.m in Sources */,
				DB2F4C372307D9AE00D9363F /* LQCalenderCollectionViewCell.m in Sources */,
			);
			runOnlyForDeploymentPostprocessing = 0;
		};
		DB0C5A892244F19F00413B1C /* Sources */ = {
			isa = PBXSourcesBuildPhase;
			buildActionMask = 2147483647;
			files = (
				DB0C5A922244F19F00413B1C /* LQCustomClassTests.m in Sources */,
			);
			runOnlyForDeploymentPostprocessing = 0;
		};
		DB0C5A942244F19F00413B1C /* Sources */ = {
			isa = PBXSourcesBuildPhase;
			buildActionMask = 2147483647;
			files = (
				DB0C5A9D2244F19F00413B1C /* LQCustomClassUITests.m in Sources */,
			);
			runOnlyForDeploymentPostprocessing = 0;
		};
/* End PBXSourcesBuildPhase section */

/* Begin PBXTargetDependency section */
		DB0C5A8F2244F19F00413B1C /* PBXTargetDependency */ = {
			isa = PBXTargetDependency;
			target = DB0C5A742244F19C00413B1C /* LQCustomClass */;
			targetProxy = DB0C5A8E2244F19F00413B1C /* PBXContainerItemProxy */;
		};
		DB0C5A9A2244F19F00413B1C /* PBXTargetDependency */ = {
			isa = PBXTargetDependency;
			target = DB0C5A742244F19C00413B1C /* LQCustomClass */;
			targetProxy = DB0C5A992244F19F00413B1C /* PBXContainerItemProxy */;
		};
/* End PBXTargetDependency section */

/* Begin PBXVariantGroup section */
		DB0C5A7E2244F19D00413B1C /* Main.storyboard */ = {
			isa = PBXVariantGroup;
			children = (
				DB0C5A7F2244F19D00413B1C /* Base */,
			);
			name = Main.storyboard;
			sourceTree = "<group>";
		};
		DB0C5A832244F19F00413B1C /* LaunchScreen.storyboard */ = {
			isa = PBXVariantGroup;
			children = (
				DB0C5A842244F19F00413B1C /* Base */,
			);
			name = LaunchScreen.storyboard;
			sourceTree = "<group>";
		};
/* End PBXVariantGroup section */

/* Begin XCBuildConfiguration section */
		DB0C5A9F2244F19F00413B1C /* Debug */ = {
			isa = XCBuildConfiguration;
			buildSettings = {
				ALWAYS_SEARCH_USER_PATHS = NO;
				CLANG_ANALYZER_NONNULL = YES;
				CLANG_ANALYZER_NUMBER_OBJECT_CONVERSION = YES_AGGRESSIVE;
				CLANG_CXX_LANGUAGE_STANDARD = "gnu++14";
				CLANG_CXX_LIBRARY = "libc++";
				CLANG_ENABLE_MODULES = YES;
				CLANG_ENABLE_OBJC_ARC = YES;
				CLANG_ENABLE_OBJC_WEAK = YES;
				CLANG_WARN_BLOCK_CAPTURE_AUTORELEASING = YES;
				CLANG_WARN_BOOL_CONVERSION = YES;
				CLANG_WARN_COMMA = YES;
				CLANG_WARN_CONSTANT_CONVERSION = YES;
				CLANG_WARN_DEPRECATED_OBJC_IMPLEMENTATIONS = YES;
				CLANG_WARN_DIRECT_OBJC_ISA_USAGE = YES_ERROR;
				CLANG_WARN_DOCUMENTATION_COMMENTS = YES;
				CLANG_WARN_EMPTY_BODY = YES;
				CLANG_WARN_ENUM_CONVERSION = YES;
				CLANG_WARN_INFINITE_RECURSION = YES;
				CLANG_WARN_INT_CONVERSION = YES;
				CLANG_WARN_NON_LITERAL_NULL_CONVERSION = YES;
				CLANG_WARN_OBJC_IMPLICIT_RETAIN_SELF = YES;
				CLANG_WARN_OBJC_LITERAL_CONVERSION = YES;
				CLANG_WARN_OBJC_ROOT_CLASS = YES_ERROR;
				CLANG_WARN_RANGE_LOOP_ANALYSIS = YES;
				CLANG_WARN_STRICT_PROTOTYPES = YES;
				CLANG_WARN_SUSPICIOUS_MOVE = YES;
				CLANG_WARN_UNGUARDED_AVAILABILITY = YES_AGGRESSIVE;
				CLANG_WARN_UNREACHABLE_CODE = YES;
				CLANG_WARN__DUPLICATE_METHOD_MATCH = YES;
				CODE_SIGN_IDENTITY = "iPhone Developer";
				COPY_PHASE_STRIP = NO;
				DEBUG_INFORMATION_FORMAT = dwarf;
				ENABLE_STRICT_OBJC_MSGSEND = YES;
				ENABLE_TESTABILITY = YES;
				GCC_C_LANGUAGE_STANDARD = gnu11;
				GCC_DYNAMIC_NO_PIC = NO;
				GCC_NO_COMMON_BLOCKS = YES;
				GCC_OPTIMIZATION_LEVEL = 0;
				GCC_PREPROCESSOR_DEFINITIONS = (
					"DEBUG=1",
					"$(inherited)",
				);
				GCC_WARN_64_TO_32_BIT_CONVERSION = YES;
				GCC_WARN_ABOUT_RETURN_TYPE = YES_ERROR;
				GCC_WARN_UNDECLARED_SELECTOR = YES;
				GCC_WARN_UNINITIALIZED_AUTOS = YES_AGGRESSIVE;
				GCC_WARN_UNUSED_FUNCTION = YES;
				GCC_WARN_UNUSED_VARIABLE = YES;
				IPHONEOS_DEPLOYMENT_TARGET = 9.0;
				MTL_ENABLE_DEBUG_INFO = INCLUDE_SOURCE;
				MTL_FAST_MATH = YES;
				ONLY_ACTIVE_ARCH = YES;
				SDKROOT = iphoneos;
			};
			name = Debug;
		};
		DB0C5AA02244F19F00413B1C /* Release */ = {
			isa = XCBuildConfiguration;
			buildSettings = {
				ALWAYS_SEARCH_USER_PATHS = NO;
				CLANG_ANALYZER_NONNULL = YES;
				CLANG_ANALYZER_NUMBER_OBJECT_CONVERSION = YES_AGGRESSIVE;
				CLANG_CXX_LANGUAGE_STANDARD = "gnu++14";
				CLANG_CXX_LIBRARY = "libc++";
				CLANG_ENABLE_MODULES = YES;
				CLANG_ENABLE_OBJC_ARC = YES;
				CLANG_ENABLE_OBJC_WEAK = YES;
				CLANG_WARN_BLOCK_CAPTURE_AUTORELEASING = YES;
				CLANG_WARN_BOOL_CONVERSION = YES;
				CLANG_WARN_COMMA = YES;
				CLANG_WARN_CONSTANT_CONVERSION = YES;
				CLANG_WARN_DEPRECATED_OBJC_IMPLEMENTATIONS = YES;
				CLANG_WARN_DIRECT_OBJC_ISA_USAGE = YES_ERROR;
				CLANG_WARN_DOCUMENTATION_COMMENTS = YES;
				CLANG_WARN_EMPTY_BODY = YES;
				CLANG_WARN_ENUM_CONVERSION = YES;
				CLANG_WARN_INFINITE_RECURSION = YES;
				CLANG_WARN_INT_CONVERSION = YES;
				CLANG_WARN_NON_LITERAL_NULL_CONVERSION = YES;
				CLANG_WARN_OBJC_IMPLICIT_RETAIN_SELF = YES;
				CLANG_WARN_OBJC_LITERAL_CONVERSION = YES;
				CLANG_WARN_OBJC_ROOT_CLASS = YES_ERROR;
				CLANG_WARN_RANGE_LOOP_ANALYSIS = YES;
				CLANG_WARN_STRICT_PROTOTYPES = YES;
				CLANG_WARN_SUSPICIOUS_MOVE = YES;
				CLANG_WARN_UNGUARDED_AVAILABILITY = YES_AGGRESSIVE;
				CLANG_WARN_UNREACHABLE_CODE = YES;
				CLANG_WARN__DUPLICATE_METHOD_MATCH = YES;
				CODE_SIGN_IDENTITY = "iPhone Developer";
				COPY_PHASE_STRIP = NO;
				DEBUG_INFORMATION_FORMAT = "dwarf-with-dsym";
				ENABLE_NS_ASSERTIONS = NO;
				ENABLE_STRICT_OBJC_MSGSEND = YES;
				GCC_C_LANGUAGE_STANDARD = gnu11;
				GCC_NO_COMMON_BLOCKS = YES;
				GCC_WARN_64_TO_32_BIT_CONVERSION = YES;
				GCC_WARN_ABOUT_RETURN_TYPE = YES_ERROR;
				GCC_WARN_UNDECLARED_SELECTOR = YES;
				GCC_WARN_UNINITIALIZED_AUTOS = YES_AGGRESSIVE;
				GCC_WARN_UNUSED_FUNCTION = YES;
				GCC_WARN_UNUSED_VARIABLE = YES;
				IPHONEOS_DEPLOYMENT_TARGET = 9.0;
				MTL_ENABLE_DEBUG_INFO = NO;
				MTL_FAST_MATH = YES;
				SDKROOT = iphoneos;
				VALIDATE_PRODUCT = YES;
			};
			name = Release;
		};
		DB0C5AA22244F19F00413B1C /* Debug */ = {
			isa = XCBuildConfiguration;
			baseConfigurationReference = 83B65F464ED1ECF3A6A221A0 /* Pods-LQCustomClass.debug.xcconfig */;
			buildSettings = {
				ASSETCATALOG_COMPILER_APPICON_NAME = AppIcon;
				CODE_SIGN_STYLE = Automatic;
				GCC_PRECOMPILE_PREFIX_HEADER = YES;
				GCC_PREFIX_HEADER = "$(SRCROOT)/LQCustomClass/PrefixHeader.pch";
				INFOPLIST_FILE = LQCustomClass/Info.plist;
				LD_RUNPATH_SEARCH_PATHS = (
					"$(inherited)",
					"@executable_path/Frameworks",
				);
				PRODUCT_BUNDLE_IDENTIFIER = com.duanfang.LQCustomClass;
				PRODUCT_NAME = "$(TARGET_NAME)";
				TARGETED_DEVICE_FAMILY = "1,2";
			};
			name = Debug;
		};
		DB0C5AA32244F19F00413B1C /* Release */ = {
			isa = XCBuildConfiguration;
			baseConfigurationReference = B26DAA47AAB59923447FAA19 /* Pods-LQCustomClass.release.xcconfig */;
			buildSettings = {
				ASSETCATALOG_COMPILER_APPICON_NAME = AppIcon;
				CODE_SIGN_STYLE = Automatic;
				GCC_PRECOMPILE_PREFIX_HEADER = YES;
				GCC_PREFIX_HEADER = "$(SRCROOT)/LQCustomClass/PrefixHeader.pch";
				INFOPLIST_FILE = LQCustomClass/Info.plist;
				LD_RUNPATH_SEARCH_PATHS = (
					"$(inherited)",
					"@executable_path/Frameworks",
				);
				PRODUCT_BUNDLE_IDENTIFIER = com.duanfang.LQCustomClass;
				PRODUCT_NAME = "$(TARGET_NAME)";
				TARGETED_DEVICE_FAMILY = "1,2";
			};
			name = Release;
		};
		DB0C5AA52244F19F00413B1C /* Debug */ = {
			isa = XCBuildConfiguration;
			buildSettings = {
				BUNDLE_LOADER = "$(TEST_HOST)";
				CODE_SIGN_STYLE = Automatic;
				INFOPLIST_FILE = LQCustomClassTests/Info.plist;
				LD_RUNPATH_SEARCH_PATHS = (
					"$(inherited)",
					"@executable_path/Frameworks",
					"@loader_path/Frameworks",
				);
				PRODUCT_BUNDLE_IDENTIFIER = com.duanfang.LQCustomClassTests;
				PRODUCT_NAME = "$(TARGET_NAME)";
				TARGETED_DEVICE_FAMILY = "1,2";
				TEST_HOST = "$(BUILT_PRODUCTS_DIR)/LQCustomClass.app/LQCustomClass";
			};
			name = Debug;
		};
		DB0C5AA62244F19F00413B1C /* Release */ = {
			isa = XCBuildConfiguration;
			buildSettings = {
				BUNDLE_LOADER = "$(TEST_HOST)";
				CODE_SIGN_STYLE = Automatic;
				INFOPLIST_FILE = LQCustomClassTests/Info.plist;
				LD_RUNPATH_SEARCH_PATHS = (
					"$(inherited)",
					"@executable_path/Frameworks",
					"@loader_path/Frameworks",
				);
				PRODUCT_BUNDLE_IDENTIFIER = com.duanfang.LQCustomClassTests;
				PRODUCT_NAME = "$(TARGET_NAME)";
				TARGETED_DEVICE_FAMILY = "1,2";
				TEST_HOST = "$(BUILT_PRODUCTS_DIR)/LQCustomClass.app/LQCustomClass";
			};
			name = Release;
		};
		DB0C5AA82244F19F00413B1C /* Debug */ = {
			isa = XCBuildConfiguration;
			buildSettings = {
				CODE_SIGN_STYLE = Automatic;
				INFOPLIST_FILE = LQCustomClassUITests/Info.plist;
				LD_RUNPATH_SEARCH_PATHS = (
					"$(inherited)",
					"@executable_path/Frameworks",
					"@loader_path/Frameworks",
				);
				PRODUCT_BUNDLE_IDENTIFIER = com.duanfang.LQCustomClassUITests;
				PRODUCT_NAME = "$(TARGET_NAME)";
				TARGETED_DEVICE_FAMILY = "1,2";
				TEST_TARGET_NAME = LQCustomClass;
			};
			name = Debug;
		};
		DB0C5AA92244F19F00413B1C /* Release */ = {
			isa = XCBuildConfiguration;
			buildSettings = {
				CODE_SIGN_STYLE = Automatic;
				INFOPLIST_FILE = LQCustomClassUITests/Info.plist;
				LD_RUNPATH_SEARCH_PATHS = (
					"$(inherited)",
					"@executable_path/Frameworks",
					"@loader_path/Frameworks",
				);
				PRODUCT_BUNDLE_IDENTIFIER = com.duanfang.LQCustomClassUITests;
				PRODUCT_NAME = "$(TARGET_NAME)";
				TARGETED_DEVICE_FAMILY = "1,2";
				TEST_TARGET_NAME = LQCustomClass;
			};
			name = Release;
		};
/* End XCBuildConfiguration section */

/* Begin XCConfigurationList section */
		DB0C5A702244F19C00413B1C /* Build configuration list for PBXProject "LQCustomClass" */ = {
			isa = XCConfigurationList;
			buildConfigurations = (
				DB0C5A9F2244F19F00413B1C /* Debug */,
				DB0C5AA02244F19F00413B1C /* Release */,
			);
			defaultConfigurationIsVisible = 0;
			defaultConfigurationName = Release;
		};
		DB0C5AA12244F19F00413B1C /* Build configuration list for PBXNativeTarget "LQCustomClass" */ = {
			isa = XCConfigurationList;
			buildConfigurations = (
				DB0C5AA22244F19F00413B1C /* Debug */,
				DB0C5AA32244F19F00413B1C /* Release */,
			);
			defaultConfigurationIsVisible = 0;
			defaultConfigurationName = Release;
		};
		DB0C5AA42244F19F00413B1C /* Build configuration list for PBXNativeTarget "LQCustomClassTests" */ = {
			isa = XCConfigurationList;
			buildConfigurations = (
				DB0C5AA52244F19F00413B1C /* Debug */,
				DB0C5AA62244F19F00413B1C /* Release */,
			);
			defaultConfigurationIsVisible = 0;
			defaultConfigurationName = Release;
		};
		DB0C5AA72244F19F00413B1C /* Build configuration list for PBXNativeTarget "LQCustomClassUITests" */ = {
			isa = XCConfigurationList;
			buildConfigurations = (
				DB0C5AA82244F19F00413B1C /* Debug */,
				DB0C5AA92244F19F00413B1C /* Release */,
			);
			defaultConfigurationIsVisible = 0;
			defaultConfigurationName = Release;
		};
/* End XCConfigurationList section */
	};
	rootObject = DB0C5A6D2244F19C00413B1C /* Project object */;
}
